// !$*UTF8*$!
{
	archiveVersion = 1;
	classes = {
	};
	objectVersion = 56;
	objects = {

/* Begin PBXBuildFile section */
		56049F822C45A825008728A5 /* Assets.xcassets in Resources */ = {isa = PBXBuildFile; fileRef = 56049F812C45A825008728A5 /* Assets.xcassets */; };
		56049F852C45A825008728A5 /* Preview Assets.xcassets in Resources */ = {isa = PBXBuildFile; fileRef = 56049F842C45A825008728A5 /* Preview Assets.xcassets */; };
		56049F972C45A8E8008728A5 /* AppDelegate.swift in Sources */ = {isa = PBXBuildFile; fileRef = 56049F962C45A8E8008728A5 /* AppDelegate.swift */; };
		56049F992C45A8F3008728A5 /* SceneDelegate.swift in Sources */ = {isa = PBXBuildFile; fileRef = 56049F982C45A8F3008728A5 /* SceneDelegate.swift */; };
		56049F9C2C45A933008728A5 /* Coordination.swift in Sources */ = {isa = PBXBuildFile; fileRef = 56049F9B2C45A933008728A5 /* Coordination.swift */; };
		56049F9E2C45A940008728A5 /* MainCoordination.swift in Sources */ = {isa = PBXBuildFile; fileRef = 56049F9D2C45A940008728A5 /* MainCoordination.swift */; };
		56049FA12C45A959008728A5 /* DialogCoordination.swift in Sources */ = {isa = PBXBuildFile; fileRef = 56049FA02C45A959008728A5 /* DialogCoordination.swift */; };
		56049FA32C45A971008728A5 /* AppCoordinator.swift in Sources */ = {isa = PBXBuildFile; fileRef = 56049FA22C45A971008728A5 /* AppCoordinator.swift */; };
		56049FA52C45A997008728A5 /* OnboardingCoordinator.swift in Sources */ = {isa = PBXBuildFile; fileRef = 56049FA42C45A997008728A5 /* OnboardingCoordinator.swift */; };
		56049FA72C45A9B8008728A5 /* MainCoordinator.swift in Sources */ = {isa = PBXBuildFile; fileRef = 56049FA62C45A9B8008728A5 /* MainCoordinator.swift */; };
		56049FAB2C45AA09008728A5 /* ValueSubject.swift in Sources */ = {isa = PBXBuildFile; fileRef = 56049FAA2C45AA09008728A5 /* ValueSubject.swift */; };
		56049FB02C45AA48008728A5 /* MainTabView.swift in Sources */ = {isa = PBXBuildFile; fileRef = 56049FAF2C45AA48008728A5 /* MainTabView.swift */; };
		56049FB42C45AA70008728A5 /* MainTabViewModel.swift in Sources */ = {isa = PBXBuildFile; fileRef = 56049FB32C45AA70008728A5 /* MainTabViewModel.swift */; };
		56049FB62C45AAAC008728A5 /* TabItem.swift in Sources */ = {isa = PBXBuildFile; fileRef = 56049FB52C45AAAC008728A5 /* TabItem.swift */; };
		56049FB92C45ABF8008728A5 /* HomeTabView.swift in Sources */ = {isa = PBXBuildFile; fileRef = 56049FB82C45ABF8008728A5 /* HomeTabView.swift */; };
		56049FBB2C45AC0C008728A5 /* HomeTabViewModel.swift in Sources */ = {isa = PBXBuildFile; fileRef = 56049FBA2C45AC0C008728A5 /* HomeTabViewModel.swift */; };
		56049FBE2C45ACBE008728A5 /* CalendarTabView.swift in Sources */ = {isa = PBXBuildFile; fileRef = 56049FBD2C45ACBE008728A5 /* CalendarTabView.swift */; };
		56049FC02C45ACDD008728A5 /* CalendarTabViewModel.swift in Sources */ = {isa = PBXBuildFile; fileRef = 56049FBF2C45ACDD008728A5 /* CalendarTabViewModel.swift */; };
		56049FC22C45ACE8008728A5 /* SettingsTabViewModel.swift in Sources */ = {isa = PBXBuildFile; fileRef = 56049FC12C45ACE8008728A5 /* SettingsTabViewModel.swift */; };
		56049FC52C45AD34008728A5 /* SettingsTabView.swift in Sources */ = {isa = PBXBuildFile; fileRef = 56049FC42C45AD34008728A5 /* SettingsTabView.swift */; };
/* End PBXBuildFile section */

/* Begin PBXFileReference section */
		56049F7A2C45A824008728A5 /* MVVM-C Experiment.app */ = {isa = PBXFileReference; explicitFileType = wrapper.application; includeInIndex = 0; path = "MVVM-C Experiment.app"; sourceTree = BUILT_PRODUCTS_DIR; };
		56049F812C45A825008728A5 /* Assets.xcassets */ = {isa = PBXFileReference; lastKnownFileType = folder.assetcatalog; path = Assets.xcassets; sourceTree = "<group>"; };
		56049F842C45A825008728A5 /* Preview Assets.xcassets */ = {isa = PBXFileReference; lastKnownFileType = folder.assetcatalog; path = "Preview Assets.xcassets"; sourceTree = "<group>"; };
		56049F962C45A8E8008728A5 /* AppDelegate.swift */ = {isa = PBXFileReference; lastKnownFileType = sourcecode.swift; path = AppDelegate.swift; sourceTree = "<group>"; };
		56049F982C45A8F3008728A5 /* SceneDelegate.swift */ = {isa = PBXFileReference; lastKnownFileType = sourcecode.swift; path = SceneDelegate.swift; sourceTree = "<group>"; };
		56049F9B2C45A933008728A5 /* Coordination.swift */ = {isa = PBXFileReference; lastKnownFileType = sourcecode.swift; path = Coordination.swift; sourceTree = "<group>"; };
		56049F9D2C45A940008728A5 /* MainCoordination.swift */ = {isa = PBXFileReference; lastKnownFileType = sourcecode.swift; path = MainCoordination.swift; sourceTree = "<group>"; };
		56049FA02C45A959008728A5 /* DialogCoordination.swift */ = {isa = PBXFileReference; lastKnownFileType = sourcecode.swift; path = DialogCoordination.swift; sourceTree = "<group>"; };
		56049FA22C45A971008728A5 /* AppCoordinator.swift */ = {isa = PBXFileReference; lastKnownFileType = sourcecode.swift; path = AppCoordinator.swift; sourceTree = "<group>"; };
		56049FA42C45A997008728A5 /* OnboardingCoordinator.swift */ = {isa = PBXFileReference; lastKnownFileType = sourcecode.swift; path = OnboardingCoordinator.swift; sourceTree = "<group>"; };
		56049FA62C45A9B8008728A5 /* MainCoordinator.swift */ = {isa = PBXFileReference; lastKnownFileType = sourcecode.swift; path = MainCoordinator.swift; sourceTree = "<group>"; };
		56049FAA2C45AA09008728A5 /* ValueSubject.swift */ = {isa = PBXFileReference; lastKnownFileType = sourcecode.swift; path = ValueSubject.swift; sourceTree = "<group>"; };
		56049FAF2C45AA48008728A5 /* MainTabView.swift */ = {isa = PBXFileReference; lastKnownFileType = sourcecode.swift; path = MainTabView.swift; sourceTree = "<group>"; };
		56049FB32C45AA70008728A5 /* MainTabViewModel.swift */ = {isa = PBXFileReference; lastKnownFileType = sourcecode.swift; path = MainTabViewModel.swift; sourceTree = "<group>"; };
		56049FB52C45AAAC008728A5 /* TabItem.swift */ = {isa = PBXFileReference; lastKnownFileType = sourcecode.swift; path = TabItem.swift; sourceTree = "<group>"; };
		56049FB82C45ABF8008728A5 /* HomeTabView.swift */ = {isa = PBXFileReference; lastKnownFileType = sourcecode.swift; path = HomeTabView.swift; sourceTree = "<group>"; };
		56049FBA2C45AC0C008728A5 /* HomeTabViewModel.swift */ = {isa = PBXFileReference; lastKnownFileType = sourcecode.swift; path = HomeTabViewModel.swift; sourceTree = "<group>"; };
		56049FBD2C45ACBE008728A5 /* CalendarTabView.swift */ = {isa = PBXFileReference; lastKnownFileType = sourcecode.swift; path = CalendarTabView.swift; sourceTree = "<group>"; };
		56049FBF2C45ACDD008728A5 /* CalendarTabViewModel.swift */ = {isa = PBXFileReference; lastKnownFileType = sourcecode.swift; path = CalendarTabViewModel.swift; sourceTree = "<group>"; };
		56049FC12C45ACE8008728A5 /* SettingsTabViewModel.swift */ = {isa = PBXFileReference; lastKnownFileType = sourcecode.swift; path = SettingsTabViewModel.swift; sourceTree = "<group>"; };
		56049FC42C45AD34008728A5 /* SettingsTabView.swift */ = {isa = PBXFileReference; lastKnownFileType = sourcecode.swift; path = SettingsTabView.swift; sourceTree = "<group>"; };
		56049FC62C45AE8E008728A5 /* Info.plist */ = {isa = PBXFileReference; lastKnownFileType = text.plist.xml; name = Info.plist; path = "MVVM-C Experiment/Resources/Info.plist"; sourceTree = SOURCE_ROOT; };
/* End PBXFileReference section */

/* Begin PBXFrameworksBuildPhase section */
		56049F772C45A824008728A5 /* Frameworks */ = {
			isa = PBXFrameworksBuildPhase;
			buildActionMask = 2147483647;
			files = (
			);
			runOnlyForDeploymentPostprocessing = 0;
		};
/* End PBXFrameworksBuildPhase section */

/* Begin PBXGroup section */
		56049F712C45A824008728A5 = {
			isa = PBXGroup;
			children = (
				56049F7C2C45A824008728A5 /* MVVM-C Experiment */,
				56049F7B2C45A824008728A5 /* Products */,
			);
			sourceTree = "<group>";
		};
		56049F7B2C45A824008728A5 /* Products */ = {
			isa = PBXGroup;
			children = (
				56049F7A2C45A824008728A5 /* MVVM-C Experiment.app */,
			);
			name = Products;
			sourceTree = "<group>";
		};
		56049F7C2C45A824008728A5 /* MVVM-C Experiment */ = {
			isa = PBXGroup;
			children = (
				56049F8B2C45A846008728A5 /* App */,
				56049F8C2C45A84F008728A5 /* Resources */,
				56049F8F2C45A87B008728A5 /* Models */,
				56049F922C45A89D008728A5 /* Views */,
				56049F952C45A8B6008728A5 /* ViewModels */,
				56049FA82C45A9F1008728A5 /* Utilities */,
			);
			path = "MVVM-C Experiment";
			sourceTree = "<group>";
		};
		56049F832C45A825008728A5 /* Preview Content */ = {
			isa = PBXGroup;
			children = (
				56049F842C45A825008728A5 /* Preview Assets.xcassets */,
			);
			path = "Preview Content";
			sourceTree = "<group>";
		};
		56049F8B2C45A846008728A5 /* App */ = {
			isa = PBXGroup;
			children = (
				56049F8D2C45A867008728A5 /* Coordination */,
				56049F962C45A8E8008728A5 /* AppDelegate.swift */,
				56049F982C45A8F3008728A5 /* SceneDelegate.swift */,
			);
			path = App;
			sourceTree = "<group>";
		};
		56049F8C2C45A84F008728A5 /* Resources */ = {
			isa = PBXGroup;
			children = (
				56049F812C45A825008728A5 /* Assets.xcassets */,
				56049FC62C45AE8E008728A5 /* Info.plist */,
				56049F832C45A825008728A5 /* Preview Content */,
			);
			path = Resources;
			sourceTree = "<group>";
		};
		56049F8D2C45A867008728A5 /* Coordination */ = {
			isa = PBXGroup;
			children = (
				56049F9A2C45A925008728A5 /* API */,
				56049FA22C45A971008728A5 /* AppCoordinator.swift */,
				56049FA42C45A997008728A5 /* OnboardingCoordinator.swift */,
				56049FA62C45A9B8008728A5 /* MainCoordinator.swift */,
			);
			path = Coordination;
			sourceTree = "<group>";
		};
		56049F8F2C45A87B008728A5 /* Models */ = {
			isa = PBXGroup;
			children = (
				56049F902C45A889008728A5 /* CoreData */,
				56049F912C45A88E008728A5 /* DataModels */,
			);
			path = Models;
			sourceTree = "<group>";
		};
		56049F902C45A889008728A5 /* CoreData */ = {
			isa = PBXGroup;
			children = (
			);
			path = CoreData;
			sourceTree = "<group>";
		};
		56049F912C45A88E008728A5 /* DataModels */ = {
			isa = PBXGroup;
			children = (
			);
			path = DataModels;
			sourceTree = "<group>";
		};
		56049F922C45A89D008728A5 /* Views */ = {
			isa = PBXGroup;
			children = (
				56049F932C45A8A5008728A5 /* Screens */,
				56049F942C45A8AB008728A5 /* Components */,
			);
			path = Views;
			sourceTree = "<group>";
		};
		56049F932C45A8A5008728A5 /* Screens */ = {
			isa = PBXGroup;
			children = (
				56049FAC2C45AA31008728A5 /* MainTab */,
				56049FB72C45ABEE008728A5 /* HomeTab */,
				56049FBC2C45ACA6008728A5 /* CalendarTab */,
				56049FC32C45AD1D008728A5 /* SettingsTab */,
			);
			path = Screens;
			sourceTree = "<group>";
		};
		56049F942C45A8AB008728A5 /* Components */ = {
			isa = PBXGroup;
			children = (
				56049FB52C45AAAC008728A5 /* TabItem.swift */,
			);
			path = Components;
			sourceTree = "<group>";
		};
		56049F952C45A8B6008728A5 /* ViewModels */ = {
			isa = PBXGroup;
			children = (
				56049FB22C45AA5F008728A5 /* OnboardingFlow */,
				56049FB12C45AA57008728A5 /* MainFlow */,
			);
			path = ViewModels;
			sourceTree = "<group>";
		};
		56049F9A2C45A925008728A5 /* API */ = {
			isa = PBXGroup;
			children = (
				56049F9B2C45A933008728A5 /* Coordination.swift */,
				56049F9D2C45A940008728A5 /* MainCoordination.swift */,
				56049FA02C45A959008728A5 /* DialogCoordination.swift */,
			);
			path = API;
			sourceTree = "<group>";
		};
		56049FA82C45A9F1008728A5 /* Utilities */ = {
			isa = PBXGroup;
			children = (
				56049FA92C45A9FC008728A5 /* Helpers */,
			);
			path = Utilities;
			sourceTree = "<group>";
		};
		56049FA92C45A9FC008728A5 /* Helpers */ = {
			isa = PBXGroup;
			children = (
				56049FAA2C45AA09008728A5 /* ValueSubject.swift */,
			);
			path = Helpers;
			sourceTree = "<group>";
		};
		56049FAC2C45AA31008728A5 /* MainTab */ = {
			isa = PBXGroup;
			children = (
				56049FAF2C45AA48008728A5 /* MainTabView.swift */,
			);
			path = MainTab;
			sourceTree = "<group>";
		};
		56049FB12C45AA57008728A5 /* MainFlow */ = {
			isa = PBXGroup;
			children = (
				56049FB32C45AA70008728A5 /* MainTabViewModel.swift */,
				56049FBA2C45AC0C008728A5 /* HomeTabViewModel.swift */,
				56049FBF2C45ACDD008728A5 /* CalendarTabViewModel.swift */,
				56049FC12C45ACE8008728A5 /* SettingsTabViewModel.swift */,
			);
			path = MainFlow;
			sourceTree = "<group>";
		};
		56049FB22C45AA5F008728A5 /* OnboardingFlow */ = {
			isa = PBXGroup;
			children = (
			);
			path = OnboardingFlow;
			sourceTree = "<group>";
		};
		56049FB72C45ABEE008728A5 /* HomeTab */ = {
			isa = PBXGroup;
			children = (
				56049FB82C45ABF8008728A5 /* HomeTabView.swift */,
			);
			path = HomeTab;
			sourceTree = "<group>";
		};
		56049FBC2C45ACA6008728A5 /* CalendarTab */ = {
			isa = PBXGroup;
			children = (
				56049FBD2C45ACBE008728A5 /* CalendarTabView.swift */,
			);
			path = CalendarTab;
			sourceTree = "<group>";
		};
		56049FC32C45AD1D008728A5 /* SettingsTab */ = {
			isa = PBXGroup;
			children = (
				56049FC42C45AD34008728A5 /* SettingsTabView.swift */,
			);
			path = SettingsTab;
			sourceTree = "<group>";
		};
/* End PBXGroup section */

/* Begin PBXNativeTarget section */
		56049F792C45A824008728A5 /* MVVM-C Experiment */ = {
			isa = PBXNativeTarget;
			buildConfigurationList = 56049F882C45A825008728A5 /* Build configuration list for PBXNativeTarget "MVVM-C Experiment" */;
			buildPhases = (
				56049F762C45A824008728A5 /* Sources */,
				56049F772C45A824008728A5 /* Frameworks */,
				56049F782C45A824008728A5 /* Resources */,
			);
			buildRules = (
			);
			dependencies = (
			);
			name = "MVVM-C Experiment";
			productName = "MVVM-C Experiment";
			productReference = 56049F7A2C45A824008728A5 /* MVVM-C Experiment.app */;
			productType = "com.apple.product-type.application";
		};
/* End PBXNativeTarget section */

/* Begin PBXProject section */
		56049F722C45A824008728A5 /* Project object */ = {
			isa = PBXProject;
			attributes = {
				BuildIndependentTargetsInParallel = 1;
				LastSwiftUpdateCheck = 1540;
				LastUpgradeCheck = 1540;
				TargetAttributes = {
					56049F792C45A824008728A5 = {
						CreatedOnToolsVersion = 15.4;
					};
				};
			};
			buildConfigurationList = 56049F752C45A824008728A5 /* Build configuration list for PBXProject "MVVM-C Experiment" */;
			compatibilityVersion = "Xcode 14.0";
			developmentRegion = en;
			hasScannedForEncodings = 0;
			knownRegions = (
				en,
				Base,
			);
			mainGroup = 56049F712C45A824008728A5;
			productRefGroup = 56049F7B2C45A824008728A5 /* Products */;
			projectDirPath = "";
			projectRoot = "";
			targets = (
				56049F792C45A824008728A5 /* MVVM-C Experiment */,
			);
		};
/* End PBXProject section */

/* Begin PBXResourcesBuildPhase section */
		56049F782C45A824008728A5 /* Resources */ = {
			isa = PBXResourcesBuildPhase;
			buildActionMask = 2147483647;
			files = (
				56049F852C45A825008728A5 /* Preview Assets.xcassets in Resources */,
				56049F822C45A825008728A5 /* Assets.xcassets in Resources */,
			);
			runOnlyForDeploymentPostprocessing = 0;
		};
/* End PBXResourcesBuildPhase section */

/* Begin PBXSourcesBuildPhase section */
		56049F762C45A824008728A5 /* Sources */ = {
			isa = PBXSourcesBuildPhase;
			buildActionMask = 2147483647;
			files = (
				56049F972C45A8E8008728A5 /* AppDelegate.swift in Sources */,
				56049FAB2C45AA09008728A5 /* ValueSubject.swift in Sources */,
				56049FC02C45ACDD008728A5 /* CalendarTabViewModel.swift in Sources */,
				56049FB62C45AAAC008728A5 /* TabItem.swift in Sources */,
				56049FB92C45ABF8008728A5 /* HomeTabView.swift in Sources */,
				56049F9C2C45A933008728A5 /* Coordination.swift in Sources */,
				56049FA72C45A9B8008728A5 /* MainCoordinator.swift in Sources */,
				56049FBE2C45ACBE008728A5 /* CalendarTabView.swift in Sources */,
				56049FB42C45AA70008728A5 /* MainTabViewModel.swift in Sources */,
				56049FB02C45AA48008728A5 /* MainTabView.swift in Sources */,
				56049FA12C45A959008728A5 /* DialogCoordination.swift in Sources */,
				56049FA52C45A997008728A5 /* OnboardingCoordinator.swift in Sources */,
				56049FA32C45A971008728A5 /* AppCoordinator.swift in Sources */,
				56049F9E2C45A940008728A5 /* MainCoordination.swift in Sources */,
				56049FC22C45ACE8008728A5 /* SettingsTabViewModel.swift in Sources */,
				56049F992C45A8F3008728A5 /* SceneDelegate.swift in Sources */,
				56049FBB2C45AC0C008728A5 /* HomeTabViewModel.swift in Sources */,
				56049FC52C45AD34008728A5 /* SettingsTabView.swift in Sources */,
			);
			runOnlyForDeploymentPostprocessing = 0;
		};
/* End PBXSourcesBuildPhase section */

/* Begin XCBuildConfiguration section */
		56049F862C45A825008728A5 /* Debug */ = {
			isa = XCBuildConfiguration;
			buildSettings = {
				ALWAYS_SEARCH_USER_PATHS = NO;
				ASSETCATALOG_COMPILER_GENERATE_SWIFT_ASSET_SYMBOL_EXTENSIONS = YES;
				CLANG_ANALYZER_NONNULL = YES;
				CLANG_ANALYZER_NUMBER_OBJECT_CONVERSION = YES_AGGRESSIVE;
				CLANG_CXX_LANGUAGE_STANDARD = "gnu++20";
				CLANG_ENABLE_MODULES = YES;
				CLANG_ENABLE_OBJC_ARC = YES;
				CLANG_ENABLE_OBJC_WEAK = YES;
				CLANG_WARN_BLOCK_CAPTURE_AUTORELEASING = YES;
				CLANG_WARN_BOOL_CONVERSION = YES;
				CLANG_WARN_COMMA = YES;
				CLANG_WARN_CONSTANT_CONVERSION = YES;
				CLANG_WARN_DEPRECATED_OBJC_IMPLEMENTATIONS = YES;
				CLANG_WARN_DIRECT_OBJC_ISA_USAGE = YES_ERROR;
				CLANG_WARN_DOCUMENTATION_COMMENTS = YES;
				CLANG_WARN_EMPTY_BODY = YES;
				CLANG_WARN_ENUM_CONVERSION = YES;
				CLANG_WARN_INFINITE_RECURSION = YES;
				CLANG_WARN_INT_CONVERSION = YES;
				CLANG_WARN_NON_LITERAL_NULL_CONVERSION = YES;
				CLANG_WARN_OBJC_IMPLICIT_RETAIN_SELF = YES;
				CLANG_WARN_OBJC_LITERAL_CONVERSION = YES;
				CLANG_WARN_OBJC_ROOT_CLASS = YES_ERROR;
				CLANG_WARN_QUOTED_INCLUDE_IN_FRAMEWORK_HEADER = YES;
				CLANG_WARN_RANGE_LOOP_ANALYSIS = YES;
				CLANG_WARN_STRICT_PROTOTYPES = YES;
				CLANG_WARN_SUSPICIOUS_MOVE = YES;
				CLANG_WARN_UNGUARDED_AVAILABILITY = YES_AGGRESSIVE;
				CLANG_WARN_UNREACHABLE_CODE = YES;
				CLANG_WARN__DUPLICATE_METHOD_MATCH = YES;
				COPY_PHASE_STRIP = NO;
				DEBUG_INFORMATION_FORMAT = dwarf;
				ENABLE_STRICT_OBJC_MSGSEND = YES;
				ENABLE_TESTABILITY = YES;
				ENABLE_USER_SCRIPT_SANDBOXING = YES;
				GCC_C_LANGUAGE_STANDARD = gnu17;
				GCC_DYNAMIC_NO_PIC = NO;
				GCC_NO_COMMON_BLOCKS = YES;
				GCC_OPTIMIZATION_LEVEL = 0;
				GCC_PREPROCESSOR_DEFINITIONS = (
					"DEBUG=1",
					"$(inherited)",
				);
				GCC_WARN_64_TO_32_BIT_CONVERSION = YES;
				GCC_WARN_ABOUT_RETURN_TYPE = YES_ERROR;
				GCC_WARN_UNDECLARED_SELECTOR = YES;
				GCC_WARN_UNINITIALIZED_AUTOS = YES_AGGRESSIVE;
				GCC_WARN_UNUSED_FUNCTION = YES;
				GCC_WARN_UNUSED_VARIABLE = YES;
				IPHONEOS_DEPLOYMENT_TARGET = 17.5;
				LOCALIZATION_PREFERS_STRING_CATALOGS = YES;
				MTL_ENABLE_DEBUG_INFO = INCLUDE_SOURCE;
				MTL_FAST_MATH = YES;
				ONLY_ACTIVE_ARCH = YES;
				SDKROOT = iphoneos;
				SWIFT_ACTIVE_COMPILATION_CONDITIONS = "DEBUG $(inherited)";
				SWIFT_OPTIMIZATION_LEVEL = "-Onone";
			};
			name = Debug;
		};
		56049F872C45A825008728A5 /* Release */ = {
			isa = XCBuildConfiguration;
			buildSettings = {
				ALWAYS_SEARCH_USER_PATHS = NO;
				ASSETCATALOG_COMPILER_GENERATE_SWIFT_ASSET_SYMBOL_EXTENSIONS = YES;
				CLANG_ANALYZER_NONNULL = YES;
				CLANG_ANALYZER_NUMBER_OBJECT_CONVERSION = YES_AGGRESSIVE;
				CLANG_CXX_LANGUAGE_STANDARD = "gnu++20";
				CLANG_ENABLE_MODULES = YES;
				CLANG_ENABLE_OBJC_ARC = YES;
				CLANG_ENABLE_OBJC_WEAK = YES;
				CLANG_WARN_BLOCK_CAPTURE_AUTORELEASING = YES;
				CLANG_WARN_BOOL_CONVERSION = YES;
				CLANG_WARN_COMMA = YES;
				CLANG_WARN_CONSTANT_CONVERSION = YES;
				CLANG_WARN_DEPRECATED_OBJC_IMPLEMENTATIONS = YES;
				CLANG_WARN_DIRECT_OBJC_ISA_USAGE = YES_ERROR;
				CLANG_WARN_DOCUMENTATION_COMMENTS = YES;
				CLANG_WARN_EMPTY_BODY = YES;
				CLANG_WARN_ENUM_CONVERSION = YES;
				CLANG_WARN_INFINITE_RECURSION = YES;
				CLANG_WARN_INT_CONVERSION = YES;
				CLANG_WARN_NON_LITERAL_NULL_CONVERSION = YES;
				CLANG_WARN_OBJC_IMPLICIT_RETAIN_SELF = YES;
				CLANG_WARN_OBJC_LITERAL_CONVERSION = YES;
				CLANG_WARN_OBJC_ROOT_CLASS = YES_ERROR;
				CLANG_WARN_QUOTED_INCLUDE_IN_FRAMEWORK_HEADER = YES;
				CLANG_WARN_RANGE_LOOP_ANALYSIS = YES;
				CLANG_WARN_STRICT_PROTOTYPES = YES;
				CLANG_WARN_SUSPICIOUS_MOVE = YES;
				CLANG_WARN_UNGUARDED_AVAILABILITY = YES_AGGRESSIVE;
				CLANG_WARN_UNREACHABLE_CODE = YES;
				CLANG_WARN__DUPLICATE_METHOD_MATCH = YES;
				COPY_PHASE_STRIP = NO;
				DEBUG_INFORMATION_FORMAT = "dwarf-with-dsym";
				ENABLE_NS_ASSERTIONS = NO;
				ENABLE_STRICT_OBJC_MSGSEND = YES;
				ENABLE_USER_SCRIPT_SANDBOXING = YES;
				GCC_C_LANGUAGE_STANDARD = gnu17;
				GCC_NO_COMMON_BLOCKS = YES;
				GCC_WARN_64_TO_32_BIT_CONVERSION = YES;
				GCC_WARN_ABOUT_RETURN_TYPE = YES_ERROR;
				GCC_WARN_UNDECLARED_SELECTOR = YES;
				GCC_WARN_UNINITIALIZED_AUTOS = YES_AGGRESSIVE;
				GCC_WARN_UNUSED_FUNCTION = YES;
				GCC_WARN_UNUSED_VARIABLE = YES;
				IPHONEOS_DEPLOYMENT_TARGET = 17.5;
				LOCALIZATION_PREFERS_STRING_CATALOGS = YES;
				MTL_ENABLE_DEBUG_INFO = NO;
				MTL_FAST_MATH = YES;
				SDKROOT = iphoneos;
				SWIFT_COMPILATION_MODE = wholemodule;
				VALIDATE_PRODUCT = YES;
			};
			name = Release;
		};
		56049F892C45A825008728A5 /* Debug */ = {
			isa = XCBuildConfiguration;
			buildSettings = {
				ASSETCATALOG_COMPILER_APPICON_NAME = AppIcon;
				ASSETCATALOG_COMPILER_GLOBAL_ACCENT_COLOR_NAME = AccentColor;
				CODE_SIGN_STYLE = Automatic;
				CURRENT_PROJECT_VERSION = 1;
				DEVELOPMENT_ASSET_PATHS = "\"MVVM-C Experiment/Resources/Preview Content\"";
				DEVELOPMENT_TEAM = 9845B57J4C;
				ENABLE_PREVIEWS = YES;
				GENERATE_INFOPLIST_FILE = YES;
				INFOPLIST_FILE = "MVVM-C Experiment/Resources/Info.plist";
				INFOPLIST_KEY_UIApplicationSceneManifest_Generation = YES;
				INFOPLIST_KEY_UIApplicationSupportsIndirectInputEvents = YES;
				INFOPLIST_KEY_UILaunchScreen_Generation = YES;
				INFOPLIST_KEY_UISupportedInterfaceOrientations_iPad = "UIInterfaceOrientationPortrait UIInterfaceOrientationPortraitUpsideDown UIInterfaceOrientationLandscapeLeft UIInterfaceOrientationLandscapeRight";
				INFOPLIST_KEY_UISupportedInterfaceOrientations_iPhone = "UIInterfaceOrientationPortrait UIInterfaceOrientationLandscapeLeft UIInterfaceOrientationLandscapeRight";
				LD_RUNPATH_SEARCH_PATHS = (
					"$(inherited)",
					"@executable_path/Frameworks",
				);
				MARKETING_VERSION = 1.0;
				PRODUCT_BUNDLE_IDENTIFIER = "com.maximm.MVVM-C-Experiment";
				PRODUCT_NAME = "$(TARGET_NAME)";
				SWIFT_EMIT_LOC_STRINGS = YES;
				SWIFT_VERSION = 5.0;
				TARGETED_DEVICE_FAMILY = "1,2";
			};
			name = Debug;
		};
		56049F8A2C45A825008728A5 /* Release */ = {
			isa = XCBuildConfiguration;
			buildSettings = {
				ASSETCATALOG_COMPILER_APPICON_NAME = AppIcon;
				ASSETCATALOG_COMPILER_GLOBAL_ACCENT_COLOR_NAME = AccentColor;
				CODE_SIGN_STYLE = Automatic;
				CURRENT_PROJECT_VERSION = 1;
				DEVELOPMENT_ASSET_PATHS = "\"MVVM-C Experiment/Resources/Preview Content\"";
				DEVELOPMENT_TEAM = 9845B57J4C;
				ENABLE_PREVIEWS = YES;
				GENERATE_INFOPLIST_FILE = YES;
				INFOPLIST_FILE = "MVVM-C Experiment/Resources/Info.plist";
				INFOPLIST_KEY_UIApplicationSceneManifest_Generation = YES;
				INFOPLIST_KEY_UIApplicationSupportsIndirectInputEvents = YES;
				INFOPLIST_KEY_UILaunchScreen_Generation = YES;
				INFOPLIST_KEY_UISupportedInterfaceOrientations_iPad = "UIInterfaceOrientationPortrait UIInterfaceOrientationPortraitUpsideDown UIInterfaceOrientationLandscapeLeft UIInterfaceOrientationLandscapeRight";
				INFOPLIST_KEY_UISupportedInterfaceOrientations_iPhone = "UIInterfaceOrientationPortrait UIInterfaceOrientationLandscapeLeft UIInterfaceOrientationLandscapeRight";
				LD_RUNPATH_SEARCH_PATHS = (
					"$(inherited)",
					"@executable_path/Frameworks",
				);
				MARKETING_VERSION = 1.0;
				PRODUCT_BUNDLE_IDENTIFIER = "com.maximm.MVVM-C-Experiment";
				PRODUCT_NAME = "$(TARGET_NAME)";
				SWIFT_EMIT_LOC_STRINGS = YES;
				SWIFT_VERSION = 5.0;
				TARGETED_DEVICE_FAMILY = "1,2";
			};
			name = Release;
		};
/* End XCBuildConfiguration section */

/* Begin XCConfigurationList section */
		56049F752C45A824008728A5 /* Build configuration list for PBXProject "MVVM-C Experiment" */ = {
			isa = XCConfigurationList;
			buildConfigurations = (
				56049F862C45A825008728A5 /* Debug */,
				56049F872C45A825008728A5 /* Release */,
			);
			defaultConfigurationIsVisible = 0;
			defaultConfigurationName = Release;
		};
		56049F882C45A825008728A5 /* Build configuration list for PBXNativeTarget "MVVM-C Experiment" */ = {
			isa = XCConfigurationList;
			buildConfigurations = (
				56049F892C45A825008728A5 /* Debug */,
				56049F8A2C45A825008728A5 /* Release */,
			);
			defaultConfigurationIsVisible = 0;
			defaultConfigurationName = Release;
		};
/* End XCConfigurationList section */
	};
	rootObject = 56049F722C45A824008728A5 /* Project object */;
}
